github.com/mattn/go-runewidth v0.0.8 h1:3tS41NlGYSmhhe/8fhGRzc+z3AYCw1Fe1WAyLuujKs0=
github.com/mattn/go-runewidth v0.0.8/go.mod h1:H031xJmbD/WCDINGzjvQ9THkh0rPKHF+m2gUSrubnMI=
github.com/shu-go/cliparser v0.0.0-20200117023617-703f3090516f h1:/6hQXakUpt/eZM/XtPDsQW2PuTXuqLwX7KD0RHM/BkM=
github.com/shu-go/cliparser v0.0.0-20200117023617-703f3090516f/go.mod h1:h9zBORgtxOkotAowPkA87REX/iR5Kg1OtguILkbX5Vg=
github.com/shu-go/clise v0.0.0-20190822023516-79849fb81cfe h1:J0rPYz8tjtuwPPbVhIwVgOmLX0LVX18RxUuFs0GGGn0=
github.com/shu-go/clise v0.0.0-20190822023516-79849fb81cfe/go.mod h1:VLiMEzXMBozBLD37i3id3qPflaupus48v/979ipQ43s=
github.com/shu-go/gli v0.0.0-20200117032938-bdf655628df8 h1:vbRyghaXzYgV5wxSVO2z4NoGCWwBWBVhb1Y1FJXPZ7o=
github.com/shu-go/gli v0.0.0-20200117032938-bdf655628df8/go.mod h1:lF37dAFrfV7EIrY5h1zPgYnUwwW3Y55sd1Suc/eMYcQ=
github.com/shu-go/goroup v0.0.0-20200202021905-6cce37efd29a h1:bomYq9BufkUPXVQcjm7LulwHauBy3C+Bv+t308Eynn0=
github.com/shu-go/goroup v0.0.0-20200202021905-6cce37efd29a/go.mod h1:udkF351vfgSnJhKF2/W9jZkgEgcLrdBLSu2lXg4BAEo=
github.com/shu-go/gotwant v0.0.0-20190822031422-724391433f13 h1:ny9pVZ7fzuKapDWhfcQwVD5XtO/WUqYDt3BeOgbj+3o=
github.com/shu-go/gotwant v0.0.0-20190822031422-724391433f13/go.mod h1:UxvcvxZEQUBw6lS9UgXOPh1outjvx2+bvDlEOpCTuGo=
github.com/shu-go/gotwant v0.0.0-20190920074605-851c8677556b h1:HZZDo+sGck6gpa2lzY9rLVuatZwm6Q7qr59R3fZTeIk=
github.com/shu-go/gotwant v0.0.0-20190920074605-851c8677556b/go.mod h1:FZepfqvib0mXjHiaQPTv0RUD5QMpMA/FHLfBQjZRRQg=
github.com/shu-go/rog v0.0.0-20190826055139-09f31aeaaebd h1:4HEm7TeZfpMp8mrjUoRt0MxTCvJrakuRn3rSbOSOBqE=
github.com/shu-go/rog v0.0.0-20190826055139-09f31aeaaebd/go.mod h1:z2vjwV5lUEhVBjFneBZQECuBiel1kmKuU0sVJCwysDY=
golang.org/x/sys v0.0.0-20200124204421-9fbb57f87de9 h1:1/DFK4b7JH8DmkqhUk48onnSfrPzImPoVxuomtbT2nk=
golang.org/x/sys v0.0.0-20200124204421-9fbb57f87de9/go.mod h1:h1NjWce9XRLGQEsW7wpKNCjG9DtNlClVuFLEZdDNbEs=
